
Microsoft Visual Studio Solution File, Format Version 12.00
# Visual Studio Version 16
VisualStudioVersion = 16.0.30804.86
MinimumVisualStudioVersion = 10.0.40219.1
Project("{FAE04EC0-301F-11D3-BF4B-00C04F79EFBC}") = "OcelotDemo", "OcelotDemo\OcelotDemo.csproj", "{E5D2AE6B-B8EA-43F2-8D57-5A3B0BB42460}"
EndProject
Global
	GlobalSection(SolutionConfigurationPlatforms) = preSolution
		Debug|Any CPU = Debug|Any CPU
		Release|Any CPU = Release|Any CPU
	EndGlobalSection
	GlobalSection(ProjectConfigurationPlatforms) = postSolution
		{E5D2AE6B-B8EA-43F2-8D57-5A3B0BB42460}.Debug|Any CPU.ActiveCfg = Debug|Any CPU
		{E5D2AE6B-B8EA-43F2-8D57-5A3B0BB42460}.Debug|Any CPU.Build.0 = Debug|Any CPU
		{E5D2AE6B-B8EA-43F2-8D57-5A3B0BB42460}.Release|Any CPU.ActiveCfg = Release|Any CPU
		{E5D2AE6B-B8EA-43F2-8D57-5A3B0BB42460}.Release|Any CPU.Build.0 = Release|Any CPU
	EndGlobalSection
	GlobalSection(SolutionProperties) = preSolution
		HideSolutionNode = FALSE
	EndGlobalSection
	GlobalSection(ExtensibilityGlobals) = postSolution
		SolutionGuid = {DF371092-2158-43DC-A954-948D96C74D19}
	EndGlobalSection
EndGlobal
